// !$*UTF8*$!
{
	archiveVersion = 1;
	classes = {
	};
	objectVersion = 46;
	objects = {

/* Begin PBXBuildFile section */
		6973B1F01B827160005556F6 /* background.png in Resources */ = {isa = PBXBuildFile; fileRef = 6973B1EF1B827160005556F6 /* background.png */; };
		6973B1F31B8525B0005556F6 /* JDKeyboardManager.m in Sources */ = {isa = PBXBuildFile; fileRef = 6973B1F21B8525B0005556F6 /* JDKeyboardManager.m */; };
		697A3F221B77DAFF002268A4 /* main.m in Sources */ = {isa = PBXBuildFile; fileRef = 697A3F211B77DAFF002268A4 /* main.m */; };
		697A3F251B77DAFF002268A4 /* AppDelegate.m in Sources */ = {isa = PBXBuildFile; fileRef = 697A3F241B77DAFF002268A4 /* AppDelegate.m */; };
		697A3F281B77DAFF002268A4 /* FirstViewController.m in Sources */ = {isa = PBXBuildFile; fileRef = 697A3F271B77DAFF002268A4 /* FirstViewController.m */; };
		697A3F2B1B77DAFF002268A4 /* SecondViewController.m in Sources */ = {isa = PBXBuildFile; fileRef = 697A3F2A1B77DAFF002268A4 /* SecondViewController.m */; };
		697A3F2E1B77DAFF002268A4 /* Main.storyboard in Resources */ = {isa = PBXBuildFile; fileRef = 697A3F2C1B77DAFF002268A4 /* Main.storyboard */; };
		697A3F301B77DAFF002268A4 /* Images.xcassets in Resources */ = {isa = PBXBuildFile; fileRef = 697A3F2F1B77DAFF002268A4 /* Images.xcassets */; };
		697A3F331B77DAFF002268A4 /* LaunchScreen.xib in Resources */ = {isa = PBXBuildFile; fileRef = 697A3F311B77DAFF002268A4 /* LaunchScreen.xib */; };
		697A3F3F1B77DAFF002268A4 /* RunningToolsTests.m in Sources */ = {isa = PBXBuildFile; fileRef = 697A3F3E1B77DAFF002268A4 /* RunningToolsTests.m */; };
		69FD9D341B7D28E200A3ADE7 /* HRZoneView.xib in Resources */ = {isa = PBXBuildFile; fileRef = 69FD9D331B7D28E200A3ADE7 /* HRZoneView.xib */; };
		69FD9D371B7D29D100A3ADE7 /* HRZoneView.m in Sources */ = {isa = PBXBuildFile; fileRef = 69FD9D361B7D29D100A3ADE7 /* HRZoneView.m */; };
/* End PBXBuildFile section */

/* Begin PBXContainerItemProxy section */
		697A3F391B77DAFF002268A4 /* PBXContainerItemProxy */ = {
			isa = PBXContainerItemProxy;
			containerPortal = 697A3F141B77DAFF002268A4 /* Project object */;
			proxyType = 1;
			remoteGlobalIDString = 697A3F1B1B77DAFF002268A4;
			remoteInfo = RunningTools;
		};
/* End PBXContainerItemProxy section */

/* Begin PBXFileReference section */
		6973B1EF1B827160005556F6 /* background.png */ = {isa = PBXFileReference; lastKnownFileType = image.png; path = background.png; sourceTree = "<group>"; };
		6973B1F11B8525B0005556F6 /* JDKeyboardManager.h */ = {isa = PBXFileReference; fileEncoding = 4; lastKnownFileType = sourcecode.c.h; name = JDKeyboardManager.h; path = RunningTools/JDKeyboardManager.h; sourceTree = "<group>"; };
		6973B1F21B8525B0005556F6 /* JDKeyboardManager.m */ = {isa = PBXFileReference; fileEncoding = 4; lastKnownFileType = sourcecode.c.objc; name = JDKeyboardManager.m; path = RunningTools/JDKeyboardManager.m; sourceTree = "<group>"; };
		697A3F1C1B77DAFF002268A4 /* RunningTools.app */ = {isa = PBXFileReference; explicitFileType = wrapper.application; includeInIndex = 0; path = RunningTools.app; sourceTree = BUILT_PRODUCTS_DIR; };
		697A3F201B77DAFF002268A4 /* Info.plist */ = {isa = PBXFileReference; lastKnownFileType = text.plist.xml; path = Info.plist; sourceTree = "<group>"; };
		697A3F211B77DAFF002268A4 /* main.m */ = {isa = PBXFileReference; lastKnownFileType = sourcecode.c.objc; path = main.m; sourceTree = "<group>"; };
		697A3F231B77DAFF002268A4 /* AppDelegate.h */ = {isa = PBXFileReference; lastKnownFileType = sourcecode.c.h; path = AppDelegate.h; sourceTree = "<group>"; };
		697A3F241B77DAFF002268A4 /* AppDelegate.m */ = {isa = PBXFileReference; lastKnownFileType = sourcecode.c.objc; path = AppDelegate.m; sourceTree = "<group>"; };
		697A3F261B77DAFF002268A4 /* FirstViewController.h */ = {isa = PBXFileReference; lastKnownFileType = sourcecode.c.h; path = FirstViewController.h; sourceTree = "<group>"; };
		697A3F271B77DAFF002268A4 /* FirstViewController.m */ = {isa = PBXFileReference; lastKnownFileType = sourcecode.c.objc; path = FirstViewController.m; sourceTree = "<group>"; };
		697A3F291B77DAFF002268A4 /* SecondViewController.h */ = {isa = PBXFileReference; lastKnownFileType = sourcecode.c.h; path = SecondViewController.h; sourceTree = "<group>"; };
		697A3F2A1B77DAFF002268A4 /* SecondViewController.m */ = {isa = PBXFileReference; lastKnownFileType = sourcecode.c.objc; path = SecondViewController.m; sourceTree = "<group>"; };
		697A3F2D1B77DAFF002268A4 /* Base */ = {isa = PBXFileReference; lastKnownFileType = file.storyboard; name = Base; path = Base.lproj/Main.storyboard; sourceTree = "<group>"; };
		697A3F2F1B77DAFF002268A4 /* Images.xcassets */ = {isa = PBXFileReference; lastKnownFileType = folder.assetcatalog; path = Images.xcassets; sourceTree = "<group>"; };
		697A3F321B77DAFF002268A4 /* Base */ = {isa = PBXFileReference; lastKnownFileType = file.xib; name = Base; path = Base.lproj/LaunchScreen.xib; sourceTree = "<group>"; };
		697A3F381B77DAFF002268A4 /* RunningToolsTests.xctest */ = {isa = PBXFileReference; explicitFileType = wrapper.cfbundle; includeInIndex = 0; path = RunningToolsTests.xctest; sourceTree = BUILT_PRODUCTS_DIR; };
		697A3F3D1B77DAFF002268A4 /* Info.plist */ = {isa = PBXFileReference; lastKnownFileType = text.plist.xml; path = Info.plist; sourceTree = "<group>"; };
		697A3F3E1B77DAFF002268A4 /* RunningToolsTests.m */ = {isa = PBXFileReference; lastKnownFileType = sourcecode.c.objc; path = RunningToolsTests.m; sourceTree = "<group>"; };
		69FD9D331B7D28E200A3ADE7 /* HRZoneView.xib */ = {isa = PBXFileReference; fileEncoding = 4; lastKnownFileType = file.xib; path = HRZoneView.xib; sourceTree = "<group>"; };
		69FD9D351B7D29D100A3ADE7 /* HRZoneView.h */ = {isa = PBXFileReference; fileEncoding = 4; lastKnownFileType = sourcecode.c.h; path = HRZoneView.h; sourceTree = "<group>"; };
		69FD9D361B7D29D100A3ADE7 /* HRZoneView.m */ = {isa = PBXFileReference; fileEncoding = 4; lastKnownFileType = sourcecode.c.objc; path = HRZoneView.m; sourceTree = "<group>"; };
/* End PBXFileReference section */

/* Begin PBXFrameworksBuildPhase section */
		697A3F191B77DAFF002268A4 /* Frameworks */ = {
			isa = PBXFrameworksBuildPhase;
			buildActionMask = 2147483647;
			files = (
			);
			runOnlyForDeploymentPostprocessing = 0;
		};
		697A3F351B77DAFF002268A4 /* Frameworks */ = {
			isa = PBXFrameworksBuildPhase;
			buildActionMask = 2147483647;
			files = (
			);
			runOnlyForDeploymentPostprocessing = 0;
		};
/* End PBXFrameworksBuildPhase section */

/* Begin PBXGroup section */
		697A3F131B77DAFF002268A4 = {
			isa = PBXGroup;
			children = (
				6973B1F11B8525B0005556F6 /* JDKeyboardManager.h */,
				6973B1F21B8525B0005556F6 /* JDKeyboardManager.m */,
				697A3F1E1B77DAFF002268A4 /* RunningTools */,
				697A3F3B1B77DAFF002268A4 /* RunningToolsTests */,
				697A3F1D1B77DAFF002268A4 /* Products */,
			);
			sourceTree = "<group>";
		};
		697A3F1D1B77DAFF002268A4 /* Products */ = {
			isa = PBXGroup;
			children = (
				697A3F1C1B77DAFF002268A4 /* RunningTools.app */,
				697A3F381B77DAFF002268A4 /* RunningToolsTests.xctest */,
			);
			name = Products;
			sourceTree = "<group>";
		};
		697A3F1E1B77DAFF002268A4 /* RunningTools */ = {
			isa = PBXGroup;
			children = (
				6973B1EF1B827160005556F6 /* background.png */,
				697A3F231B77DAFF002268A4 /* AppDelegate.h */,
				697A3F241B77DAFF002268A4 /* AppDelegate.m */,
				697A3F261B77DAFF002268A4 /* FirstViewController.h */,
				697A3F271B77DAFF002268A4 /* FirstViewController.m */,
				697A3F291B77DAFF002268A4 /* SecondViewController.h */,
				697A3F2A1B77DAFF002268A4 /* SecondViewController.m */,
				697A3F2C1B77DAFF002268A4 /* Main.storyboard */,
				69FD9D331B7D28E200A3ADE7 /* HRZoneView.xib */,
				69FD9D351B7D29D100A3ADE7 /* HRZoneView.h */,
				69FD9D361B7D29D100A3ADE7 /* HRZoneView.m */,
				697A3F2F1B77DAFF002268A4 /* Images.xcassets */,
				697A3F311B77DAFF002268A4 /* LaunchScreen.xib */,
				697A3F1F1B77DAFF002268A4 /* Supporting Files */,
			);
			path = RunningTools;
			sourceTree = "<group>";
		};
		697A3F1F1B77DAFF002268A4 /* Supporting Files */ = {
			isa = PBXGroup;
			children = (
				697A3F201B77DAFF002268A4 /* Info.plist */,
				697A3F211B77DAFF002268A4 /* main.m */,
			);
			name = "Supporting Files";
			sourceTree = "<group>";
		};
		697A3F3B1B77DAFF002268A4 /* RunningToolsTests */ = {
			isa = PBXGroup;
			children = (
				697A3F3E1B77DAFF002268A4 /* RunningToolsTests.m */,
				697A3F3C1B77DAFF002268A4 /* Supporting Files */,
			);
			path = RunningToolsTests;
			sourceTree = "<group>";
		};
		697A3F3C1B77DAFF002268A4 /* Supporting Files */ = {
			isa = PBXGroup;
			children = (
				697A3F3D1B77DAFF002268A4 /* Info.plist */,
			);
			name = "Supporting Files";
			sourceTree = "<group>";
		};
/* End PBXGroup section */

/* Begin PBXNativeTarget section */
		697A3F1B1B77DAFF002268A4 /* RunningTools */ = {
			isa = PBXNativeTarget;
			buildConfigurationList = 697A3F421B77DAFF002268A4 /* Build configuration list for PBXNativeTarget "RunningTools" */;
			buildPhases = (
				697A3F181B77DAFF002268A4 /* Sources */,
				697A3F191B77DAFF002268A4 /* Frameworks */,
				697A3F1A1B77DAFF002268A4 /* Resources */,
			);
			buildRules = (
			);
			dependencies = (
			);
			name = RunningTools;
			productName = RunningTools;
			productReference = 697A3F1C1B77DAFF002268A4 /* RunningTools.app */;
			productType = "com.apple.product-type.application";
		};
		697A3F371B77DAFF002268A4 /* RunningToolsTests */ = {
			isa = PBXNativeTarget;
			buildConfigurationList = 697A3F451B77DAFF002268A4 /* Build configuration list for PBXNativeTarget "RunningToolsTests" */;
			buildPhases = (
				697A3F341B77DAFF002268A4 /* Sources */,
				697A3F351B77DAFF002268A4 /* Frameworks */,
				697A3F361B77DAFF002268A4 /* Resources */,
			);
			buildRules = (
			);
			dependencies = (
				697A3F3A1B77DAFF002268A4 /* PBXTargetDependency */,
			);
			name = RunningToolsTests;
			productName = RunningToolsTests;
			productReference = 697A3F381B77DAFF002268A4 /* RunningToolsTests.xctest */;
			productType = "com.apple.product-type.bundle.unit-test";
		};
/* End PBXNativeTarget section */

/* Begin PBXProject section */
		697A3F141B77DAFF002268A4 /* Project object */ = {
			isa = PBXProject;
			attributes = {
				LastUpgradeCheck = 0640;
				ORGANIZATIONNAME = jd;
				TargetAttributes = {
					697A3F1B1B77DAFF002268A4 = {
						CreatedOnToolsVersion = 6.4;
					};
					697A3F371B77DAFF002268A4 = {
						CreatedOnToolsVersion = 6.4;
						TestTargetID = 697A3F1B1B77DAFF002268A4;
					};
				};
			};
			buildConfigurationList = 697A3F171B77DAFF002268A4 /* Build configuration list for PBXProject "RunningTools" */;
			compatibilityVersion = "Xcode 3.2";
			developmentRegion = English;
			hasScannedForEncodings = 0;
			knownRegions = (
				en,
				Base,
			);
			mainGroup = 697A3F131B77DAFF002268A4;
			productRefGroup = 697A3F1D1B77DAFF002268A4 /* Products */;
			projectDirPath = "";
			projectRoot = "";
			targets = (
				697A3F1B1B77DAFF002268A4 /* RunningTools */,
				697A3F371B77DAFF002268A4 /* RunningToolsTests */,
			);
		};
/* End PBXProject section */

/* Begin PBXResourcesBuildPhase section */
		697A3F1A1B77DAFF002268A4 /* Resources */ = {
			isa = PBXResourcesBuildPhase;
			buildActionMask = 2147483647;
			files = (
				69FD9D341B7D28E200A3ADE7 /* HRZoneView.xib in Resources */,
				6973B1F01B827160005556F6 /* background.png in Resources */,
				697A3F2E1B77DAFF002268A4 /* Main.storyboard in Resources */,
				697A3F331B77DAFF002268A4 /* LaunchScreen.xib in Resources */,
				697A3F301B77DAFF002268A4 /* Images.xcassets in Resources */,
			);
			runOnlyForDeploymentPostprocessing = 0;
		};
		697A3F361B77DAFF002268A4 /* Resources */ = {
			isa = PBXResourcesBuildPhase;
			buildActionMask = 2147483647;
			files = (
			);
			runOnlyForDeploymentPostprocessing = 0;
		};
/* End PBXResourcesBuildPhase section */

/* Begin PBXSourcesBuildPhase section */
		697A3F181B77DAFF002268A4 /* Sources */ = {
			isa = PBXSourcesBuildPhase;
			buildActionMask = 2147483647;
			files = (
				697A3F2B1B77DAFF002268A4 /* SecondViewController.m in Sources */,
				697A3F251B77DAFF002268A4 /* AppDelegate.m in Sources */,
				69FD9D371B7D29D100A3ADE7 /* HRZoneView.m in Sources */,
				697A3F281B77DAFF002268A4 /* FirstViewController.m in Sources */,
				6973B1F31B8525B0005556F6 /* JDKeyboardManager.m in Sources */,
				697A3F221B77DAFF002268A4 /* main.m in Sources */,
			);
			runOnlyForDeploymentPostprocessing = 0;
		};
		697A3F341B77DAFF002268A4 /* Sources */ = {
			isa = PBXSourcesBuildPhase;
			buildActionMask = 2147483647;
			files = (
				697A3F3F1B77DAFF002268A4 /* RunningToolsTests.m in Sources */,
			);
			runOnlyForDeploymentPostprocessing = 0;
		};
/* End PBXSourcesBuildPhase section */

/* Begin PBXTargetDependency section */
		697A3F3A1B77DAFF002268A4 /* PBXTargetDependency */ = {
			isa = PBXTargetDependency;
			target = 697A3F1B1B77DAFF002268A4 /* RunningTools */;
			targetProxy = 697A3F391B77DAFF002268A4 /* PBXContainerItemProxy */;
		};
/* End PBXTargetDependency section */

/* Begin PBXVariantGroup section */
		697A3F2C1B77DAFF002268A4 /* Main.storyboard */ = {
			isa = PBXVariantGroup;
			children = (
				697A3F2D1B77DAFF002268A4 /* Base */,
			);
			name = Main.storyboard;
			sourceTree = "<group>";
		};
		697A3F311B77DAFF002268A4 /* LaunchScreen.xib */ = {
			isa = PBXVariantGroup;
			children = (
				697A3F321B77DAFF002268A4 /* Base */,
			);
			name = LaunchScreen.xib;
			sourceTree = "<group>";
		};
/* End PBXVariantGroup section */

/* Begin XCBuildConfiguration section */
		697A3F401B77DAFF002268A4 /* Debug */ = {
			isa = XCBuildConfiguration;
			buildSettings = {
				ALWAYS_SEARCH_USER_PATHS = NO;
				CLANG_CXX_LANGUAGE_STANDARD = "gnu++0x";
				CLANG_CXX_LIBRARY = "libc++";
				CLANG_ENABLE_MODULES = YES;
				CLANG_ENABLE_OBJC_ARC = YES;
				CLANG_WARN_BOOL_CONVERSION = YES;
				CLANG_WARN_CONSTANT_CONVERSION = YES;
				CLANG_WARN_DIRECT_OBJC_ISA_USAGE = YES_ERROR;
				CLANG_WARN_EMPTY_BODY = YES;
				CLANG_WARN_ENUM_CONVERSION = YES;
				CLANG_WARN_INT_CONVERSION = YES;
				CLANG_WARN_OBJC_ROOT_CLASS = YES_ERROR;
				CLANG_WARN_UNREACHABLE_CODE = YES;
				CLANG_WARN__DUPLICATE_METHOD_MATCH = YES;
				"CODE_SIGN_IDENTITY[sdk=iphoneos*]" = "iPhone Developer";
				COPY_PHASE_STRIP = NO;
				DEBUG_INFORMATION_FORMAT = "dwarf-with-dsym";
				ENABLE_STRICT_OBJC_MSGSEND = YES;
				GCC_C_LANGUAGE_STANDARD = gnu99;
				GCC_DYNAMIC_NO_PIC = NO;
				GCC_NO_COMMON_BLOCKS = YES;
				GCC_OPTIMIZATION_LEVEL = 0;
				GCC_PREPROCESSOR_DEFINITIONS = (
					"DEBUG=1",
					"$(inherited)",
				);
				GCC_SYMBOLS_PRIVATE_EXTERN = NO;
				GCC_WARN_64_TO_32_BIT_CONVERSION = YES;
				GCC_WARN_ABOUT_RETURN_TYPE = YES_ERROR;
				GCC_WARN_UNDECLARED_SELECTOR = YES;
				GCC_WARN_UNINITIALIZED_AUTOS = YES_AGGRESSIVE;
				GCC_WARN_UNUSED_FUNCTION = YES;
				GCC_WARN_UNUSED_VARIABLE = YES;
				IPHONEOS_DEPLOYMENT_TARGET = 8.4;
				MTL_ENABLE_DEBUG_INFO = YES;
				ONLY_ACTIVE_ARCH = YES;
				SDKROOT = iphoneos;
			};
			name = Debug;
		};
		697A3F411B77DAFF002268A4 /* Release */ = {
			isa = XCBuildConfiguration;
			buildSettings = {
				ALWAYS_SEARCH_USER_PATHS = NO;
				CLANG_CXX_LANGUAGE_STANDARD = "gnu++0x";
				CLANG_CXX_LIBRARY = "libc++";
				CLANG_ENABLE_MODULES = YES;
				CLANG_ENABLE_OBJC_ARC = YES;
				CLANG_WARN_BOOL_CONVERSION = YES;
				CLANG_WARN_CONSTANT_CONVERSION = YES;
				CLANG_WARN_DIRECT_OBJC_ISA_USAGE = YES_ERROR;
				CLANG_WARN_EMPTY_BODY = YES;
				CLANG_WARN_ENUM_CONVERSION = YES;
				CLANG_WARN_INT_CONVERSION = YES;
				CLANG_WARN_OBJC_ROOT_CLASS = YES_ERROR;
				CLANG_WARN_UNREACHABLE_CODE = YES;
				CLANG_WARN__DUPLICATE_METHOD_MATCH = YES;
				"CODE_SIGN_IDENTITY[sdk=iphoneos*]" = "iPhone Developer";
				COPY_PHASE_STRIP = NO;
				DEBUG_INFORMATION_FORMAT = "dwarf-with-dsym";
				ENABLE_NS_ASSERTIONS = NO;
				ENABLE_STRICT_OBJC_MSGSEND = YES;
				GCC_C_LANGUAGE_STANDARD = gnu99;
				GCC_NO_COMMON_BLOCKS = YES;
				GCC_WARN_64_TO_32_BIT_CONVERSION = YES;
				GCC_WARN_ABOUT_RETURN_TYPE = YES_ERROR;
				GCC_WARN_UNDECLARED_SELECTOR = YES;
				GCC_WARN_UNINITIALIZED_AUTOS = YES_AGGRESSIVE;
				GCC_WARN_UNUSED_FUNCTION = YES;
				GCC_WARN_UNUSED_VARIABLE = YES;
				IPHONEOS_DEPLOYMENT_TARGET = 8.4;
				MTL_ENABLE_DEBUG_INFO = NO;
				SDKROOT = iphoneos;
				VALIDATE_PRODUCT = YES;
			};
			name = Release;
		};
		697A3F431B77DAFF002268A4 /* Debug */ = {
			isa = XCBuildConfiguration;
			buildSettings = {
				ASSETCATALOG_COMPILER_APPICON_NAME = AppIcon;
				INFOPLIST_FILE = RunningTools/Info.plist;
				LD_RUNPATH_SEARCH_PATHS = "$(inherited) @executable_path/Frameworks";
				PRODUCT_NAME = "$(TARGET_NAME)";
			};
			name = Debug;
		};
		697A3F441B77DAFF002268A4 /* Release */ = {
			isa = XCBuildConfiguration;
			buildSettings = {
				ASSETCATALOG_COMPILER_APPICON_NAME = AppIcon;
				INFOPLIST_FILE = RunningTools/Info.plist;
				LD_RUNPATH_SEARCH_PATHS = "$(inherited) @executable_path/Frameworks";
				PRODUCT_NAME = "$(TARGET_NAME)";
			};
			name = Release;
		};
		697A3F461B77DAFF002268A4 /* Debug */ = {
			isa = XCBuildConfiguration;
			buildSettings = {
				BUNDLE_LOADER = "$(TEST_HOST)";
				FRAMEWORK_SEARCH_PATHS = (
					"$(SDKROOT)/Developer/Library/Frameworks",
					"$(inherited)",
				);
				GCC_PREPROCESSOR_DEFINITIONS = (
					"DEBUG=1",
					"$(inherited)",
				);
				INFOPLIST_FILE = RunningToolsTests/Info.plist;
				LD_RUNPATH_SEARCH_PATHS = "$(inherited) @executable_path/Frameworks @loader_path/Frameworks";
				PRODUCT_NAME = "$(TARGET_NAME)";
				TEST_HOST = "$(BUILT_PRODUCTS_DIR)/RunningTools.app/RunningTools";
			};
			name = Debug;
		};
		697A3F471B77DAFF002268A4 /* Release */ = {
			isa = XCBuildConfiguration;
			buildSettings = {
				BUNDLE_LOADER = "$(TEST_HOST)";
				FRAMEWORK_SEARCH_PATHS = (
					"$(SDKROOT)/Developer/Library/Frameworks",
					"$(inherited)",
				);
				INFOPLIST_FILE = RunningToolsTests/Info.plist;
				LD_RUNPATH_SEARCH_PATHS = "$(inherited) @executable_path/Frameworks @loader_path/Frameworks";
				PRODUCT_NAME = "$(TARGET_NAME)";
				TEST_HOST = "$(BUILT_PRODUCTS_DIR)/RunningTools.app/RunningTools";
			};
			name = Release;
		};
/* End XCBuildConfiguration section */

/* Begin XCConfigurationList section */
		697A3F171B77DAFF002268A4 /* Build configuration list for PBXProject "RunningTools" */ = {
			isa = XCConfigurationList;
			buildConfigurations = (
				697A3F401B77DAFF002268A4 /* Debug */,
				697A3F411B77DAFF002268A4 /* Release */,
			);
			defaultConfigurationIsVisible = 0;
			defaultConfigurationName = Release;
		};
		697A3F421B77DAFF002268A4 /* Build configuration list for PBXNativeTarget "RunningTools" */ = {
			isa = XCConfigurationList;
			buildConfigurations = (
				697A3F431B77DAFF002268A4 /* Debug */,
				697A3F441B77DAFF002268A4 /* Release */,
			);
			defaultConfigurationIsVisible = 0;
			defaultConfigurationName = Release;
		};
		697A3F451B77DAFF002268A4 /* Build configuration list for PBXNativeTarget "RunningToolsTests" */ = {
			isa = XCConfigurationList;
			buildConfigurations = (
				697A3F461B77DAFF002268A4 /* Debug */,
				697A3F471B77DAFF002268A4 /* Release */,
			);
			defaultConfigurationIsVisible = 0;
			defaultConfigurationName = Release;
		};
/* End XCConfigurationList section */
	};
	rootObject = 697A3F141B77DAFF002268A4 /* Project object */;
}
